
Microsoft Visual Studio Solution File, Format Version 12.00
# Visual Studio Version 17
VisualStudioVersion = 17.14.36408.4
MinimumVisualStudioVersion = 10.0.40219.1
Project("{FAE04EC0-301F-11D3-BF4B-00C04F79EFBC}") = "SearchNewsApp", "SearchNewsApp.csproj", "{791CAC4A-8790-4102-8061-D6865E07644C}"
EndProject
Global
	GlobalSection(SolutionConfigurationPlatforms) = preSolution
		Debug|Any CPU = Debug|Any CPU
		Release|Any CPU = Release|Any CPU
	EndGlobalSection
	GlobalSection(ProjectConfigurationPlatforms) = postSolution
		{791CAC4A-8790-4102-8061-D6865E07644C}.Debug|Any CPU.ActiveCfg = Debug|Any CPU
		{791CAC4A-8790-4102-8061-D6865E07644C}.Debug|Any CPU.Build.0 = Debug|Any CPU
		{791CAC4A-8790-4102-8061-D6865E07644C}.Release|Any CPU.ActiveCfg = Release|Any CPU
		{791CAC4A-8790-4102-8061-D6865E07644C}.Release|Any CPU.Build.0 = Release|Any CPU
	EndGlobalSection
	GlobalSection(SolutionProperties) = preSolution
		HideSolutionNode = FALSE
	EndGlobalSection
	GlobalSection(ExtensibilityGlobals) = postSolution
		SolutionGuid = {783E524E-0E2A-43BD-9936-34BCEBB1DF20}
	EndGlobalSection
EndGlobal
